
Microsoft Visual Studio Solution File, Format Version 12.00
# Visual Studio 15
VisualStudioVersion = 15.0.28307.572
MinimumVisualStudioVersion = 10.0.40219.1
Project("{FAE04EC0-301F-11D3-BF4B-00C04F79EFBC}") = "SprocWrapper", "SprocWrapper.csproj", "{1AE08F15-8CB8-4593-B9E2-3868D4349F72}"
EndProject
Global
	GlobalSection(SolutionConfigurationPlatforms) = preSolution
		Debug|Any CPU = Debug|Any CPU
		Release|Any CPU = Release|Any CPU
	EndGlobalSection
	GlobalSection(ProjectConfigurationPlatforms) = postSolution
		{1AE08F15-8CB8-4593-B9E2-3868D4349F72}.Debug|Any CPU.ActiveCfg = Debug|Any CPU
		{1AE08F15-8CB8-4593-B9E2-3868D4349F72}.Debug|Any CPU.Build.0 = Debug|Any CPU
		{1AE08F15-8CB8-4593-B9E2-3868D4349F72}.Release|Any CPU.ActiveCfg = Release|Any CPU
		{1AE08F15-8CB8-4593-B9E2-3868D4349F72}.Release|Any CPU.Build.0 = Release|Any CPU
	EndGlobalSection
	GlobalSection(SolutionProperties) = preSolution
		HideSolutionNode = FALSE
	EndGlobalSection
	GlobalSection(ExtensibilityGlobals) = postSolution
		SolutionGuid = {BB3033F2-3391-4655-9343-93A744D9F641}
	EndGlobalSection
EndGlobal
