
Microsoft Visual Studio Solution File, Format Version 12.00
# Visual Studio 15
VisualStudioVersion = 15.0.28307.572
MinimumVisualStudioVersion = 10.0.40219.1
Project("{9A19103F-16F7-4668-BE54-9A1E7A4F7556}") = "SqlProcScaffold", "SqlProcScaffold\SqlProcScaffold.csproj", "{4BA42DE2-E9C3-4317-A59E-AC3BA5D0F195}"
EndProject
Project("{9A19103F-16F7-4668-BE54-9A1E7A4F7556}") = "SqlProcScaffoldTest", "SqlProcScaffoldTest\SqlProcScaffoldTest.csproj", "{B84A653F-28E7-4C8D-A40E-DEBDAA38DD05}"
EndProject
Global
	GlobalSection(SolutionConfigurationPlatforms) = preSolution
		Debug|Any CPU = Debug|Any CPU
		Release|Any CPU = Release|Any CPU
	EndGlobalSection
	GlobalSection(ProjectConfigurationPlatforms) = postSolution
		{4BA42DE2-E9C3-4317-A59E-AC3BA5D0F195}.Debug|Any CPU.ActiveCfg = Debug|Any CPU
		{4BA42DE2-E9C3-4317-A59E-AC3BA5D0F195}.Debug|Any CPU.Build.0 = Debug|Any CPU
		{4BA42DE2-E9C3-4317-A59E-AC3BA5D0F195}.Release|Any CPU.ActiveCfg = Release|Any CPU
		{4BA42DE2-E9C3-4317-A59E-AC3BA5D0F195}.Release|Any CPU.Build.0 = Release|Any CPU
		{B84A653F-28E7-4C8D-A40E-DEBDAA38DD05}.Debug|Any CPU.ActiveCfg = Debug|Any CPU
		{B84A653F-28E7-4C8D-A40E-DEBDAA38DD05}.Debug|Any CPU.Build.0 = Debug|Any CPU
		{B84A653F-28E7-4C8D-A40E-DEBDAA38DD05}.Release|Any CPU.ActiveCfg = Release|Any CPU
		{B84A653F-28E7-4C8D-A40E-DEBDAA38DD05}.Release|Any CPU.Build.0 = Release|Any CPU
	EndGlobalSection
	GlobalSection(SolutionProperties) = preSolution
		HideSolutionNode = FALSE
	EndGlobalSection
	GlobalSection(ExtensibilityGlobals) = postSolution
		SolutionGuid = {BB3033F2-3391-4655-9343-93A744D9F641}
	EndGlobalSection
EndGlobal
